{
  "nodes": {
    "flake-utils": {
      "locked": {
        "lastModified": 1678901627,
        "narHash": "sha256-U02riOqrKKzwjsxc/400XnElV+UtPUQWpANPlyazjH0=",
        "owner": "numtide",
        "repo": "flake-utils",
        "rev": "93a2b84fc4b70d9e089d029deacc3583435c2ed6",
        "type": "github"
      },
      "original": {
        "owner": "numtide",
        "repo": "flake-utils",
        "type": "github"
      }
    },
    "nixpkgs": {
      "locked": {
        "lastModified": 1679243643,
        "narHash": "sha256-1+UVYGBx5nerAK/tWce6hvv1Xh/rB+dgSaYEDW1qlG4=",
        "owner": "ElXreno",
        "repo": "nixpkgs",
        "rev": "712337d941fecfe65e9ed14699f1a0c197ac8777",
        "type": "github"
      },
      "original": {
        "owner": "ElXreno",
        "ref": "nixos-unstable-cust",
        "repo": "nixpkgs",
        "type": "github"
      }
    },
    "root": {
      "inputs": {
        "flake-utils": "flake-utils",
        "nixpkgs": "nixpkgs"
      }
    }
  },
  "root": "root",
  "version": 7
}
