{
  "nodes": {
    "flake-utils": {
      "locked": {
        "lastModified": 1678901627,
        "narHash": "sha256-U02riOqrKKzwjsxc/400XnElV+UtPUQWpANPlyazjH0=",
        "owner": "numtide",
        "repo": "flake-utils",
        "rev": "93a2b84fc4b70d9e089d029deacc3583435c2ed6",
        "type": "github"
      },
      "original": {
        "owner": "numtide",
        "repo": "flake-utils",
        "type": "github"
      }
    },
    "nixpkgs": {
      "locked": {
        "lastModified": 1679534030,
        "narHash": "sha256-OpllWqj9B+xN8nf6qsW8V8kzvn2OOaGQj5MXt6ZeRTI=",
        "owner": "ElXreno",
        "repo": "nixpkgs",
        "rev": "7b1c4d8cdf99984170f6b700ff0ee4fa693f7c23",
        "type": "github"
      },
      "original": {
        "owner": "ElXreno",
        "ref": "nixos-unstable-cust",
        "repo": "nixpkgs",
        "type": "github"
      }
    },
    "root": {
      "inputs": {
        "flake-utils": "flake-utils",
        "nixpkgs": "nixpkgs"
      }
    }
  },
  "root": "root",
  "version": 7
}
